
Microsoft Visual Studio Solution File, Format Version 12.00
# Visual Studio Version 17
VisualStudioVersion = 17.1.32228.430
MinimumVisualStudioVersion = 10.0.40219.1
Project("{FAE04EC0-301F-11D3-BF4B-00C04F79EFBC}") = "GitVS22", "GitVS22.csproj", "{A2761141-EC28-4C46-B634-23FCC499C8A5}"
EndProject
Global
	GlobalSection(SolutionConfigurationPlatforms) = preSolution
		Debug|Any CPU = Debug|Any CPU
		Release|Any CPU = Release|Any CPU
	EndGlobalSection
	GlobalSection(ProjectConfigurationPlatforms) = postSolution
		{A2761141-EC28-4C46-B634-23FCC499C8A5}.Debug|Any CPU.ActiveCfg = Debug|Any CPU
		{A2761141-EC28-4C46-B634-23FCC499C8A5}.Debug|Any CPU.Build.0 = Debug|Any CPU
		{A2761141-EC28-4C46-B634-23FCC499C8A5}.Release|Any CPU.ActiveCfg = Release|Any CPU
		{A2761141-EC28-4C46-B634-23FCC499C8A5}.Release|Any CPU.Build.0 = Release|Any CPU
	EndGlobalSection
	GlobalSection(SolutionProperties) = preSolution
		HideSolutionNode = FALSE
	EndGlobalSection
	GlobalSection(ExtensibilityGlobals) = postSolution
		SolutionGuid = {909986D8-E61A-4822-8F93-7F9A2179EB11}
	EndGlobalSection
EndGlobal
